<?xml version="1.0" encoding="utf-8"?>
<Project ToolsVersion="4.0" xmlns="http://schemas.microsoft.com/developer/msbuild/2003">
  <ItemGroup>
    <Filter Include="Source Files">
      <UniqueIdentifier>{4FC737F1-C7A5-4376-A066-2A32D752A2FF}</UniqueIdentifier>
      <Extensions>cpp;c;cc;cxx;def;odl;idl;hpj;bat;asm;asmx</Extensions>
    </Filter>
    <Filter Include="Header Files">
      <UniqueIdentifier>{93995380-89BD-4b04-88EB-625FBE52EBFB}</UniqueIdentifier>
      <Extensions>h;hh;hpp;hxx;hm;inl;inc;ipp;xsd</Extensions>
    </Filter>
    <Filter Include="Resource Files">
      <UniqueIdentifier>{67DA6AB6-F800-4c08-8B7A-83BB121AAD01}</UniqueIdentifier>
      <Extensions>rc;ico;cur;bmp;dlg;rc2;rct;bin;rgs;gif;jpg;jpeg;jpe;resx;tiff;tif;png;wav;mfcribbon-ms</Extensions>
    </Filter>
    <Filter Include="Inline Files">
      <UniqueIdentifier>{0aa88be2-6a77-4463-8042-3aca1b06ea22}</UniqueIdentifier>
    </Filter>
  </ItemGroup>
  <ItemGroup>
    <ClCompile Include="src\main.cpp">
      <Filter>Source Files</Filter>
    </ClCompile>
    <ClCompile Include="src\Creature.cpp">
      <Filter>Source Files</Filter>
    </ClCompile>
    <ClCompile Include="src\Dice.cpp">
      <Filter>Source Files</Filter>
    </ClCompile>
    <ClCompile Include="src\Encounter.cpp">
      <Filter>Source Files</Filter>
    </ClCompile>
    <ClCompile Include="src\Action.cpp">
      <Filter>Source Files</Filter>
    </ClCompile>
    <ClCompile Include="src\AttackAction.cpp">
      <Filter>Source Files</Filter>
    </ClCompile>
    <ClCompile Include="src\Attack.cpp">
      <Filter>Source Files</Filter>
    </ClCompile>
    <ClCompile Include="src\Weapons.cpp">
      <Filter>Source Files</Filter>
    </ClCompile>
    <ClCompile Include="src\Player.cpp">
      <Filter>Source Files</Filter>
    </ClCompile>
    <ClCompile Include="src\Foe.cpp">
      <Filter>Source Files</Filter>
    </ClCompile>
    <ClCompile Include="src\SpellAction.cpp">
      <Filter>Source Files</Filter>
    </ClCompile>
    <ClCompile Include="src\DodgeAction.cpp">
      <Filter>Source Files</Filter>
    </ClCompile>
    <ClCompile Include="src\DashAction.cpp">
      <Filter>Source Files</Filter>
    </ClCompile>
    <ClCompile Include="src\DisengageAction.cpp">
      <Filter>Source Files</Filter>
    </ClCompile>
    <ClCompile Include="src\OffhandAttack.cpp">
      <Filter>Source Files</Filter>
    </ClCompile>
    <ClCompile Include="src\BonusAction.cpp">
      <Filter>Source Files</Filter>
    </ClCompile>
    <ClCompile Include="src\Loadout.cpp">
      <Filter>Source Files</Filter>
    </ClCompile>
    <ClCompile Include="src\Features.cpp">
      <Filter>Source Files</Filter>
    </ClCompile>
    <ClCompile Include="src\Ring.cpp">
      <Filter>Source Files</Filter>
    </ClCompile>
    <ClCompile Include="src\FeatureAction.cpp">
      <Filter>Source Files</Filter>
    </ClCompile>
    <ClCompile Include="src\Spell.cpp">
      <Filter>Source Files</Filter>
    </ClCompile>
    <ClCompile Include="src\AreaAttack.cpp">
      <Filter>Source Files</Filter>
    </ClCompile>
  </ItemGroup>
  <ItemGroup>
    <ClInclude Include="include\Creature.h">
      <Filter>Header Files</Filter>
    </ClInclude>
    <ClInclude Include="include\Dice.h">
      <Filter>Header Files</Filter>
    </ClInclude>
    <ClInclude Include="include\Encounter.h">
      <Filter>Header Files</Filter>
    </ClInclude>
    <ClInclude Include="include\Weapons.h">
      <Filter>Header Files</Filter>
    </ClInclude>
    <ClInclude Include="include\Action.h">
      <Filter>Header Files</Filter>
    </ClInclude>
    <ClInclude Include="include\AttackAction.h">
      <Filter>Header Files</Filter>
    </ClInclude>
    <ClInclude Include="include\Attack.h">
      <Filter>Header Files</Filter>
    </ClInclude>
    <ClInclude Include="include\Player.h">
      <Filter>Header Files</Filter>
    </ClInclude>
    <ClInclude Include="include\Foe.h">
      <Filter>Header Files</Filter>
    </ClInclude>
    <ClInclude Include="include\SpellAction.h">
      <Filter>Header Files</Filter>
    </ClInclude>
    <ClInclude Include="include\Spell.h">
      <Filter>Header Files</Filter>
    </ClInclude>
    <ClInclude Include="include\DodgeAction.h">
      <Filter>Header Files</Filter>
    </ClInclude>
    <ClInclude Include="include\DisengageAction.h">
      <Filter>Header Files</Filter>
    </ClInclude>
    <ClInclude Include="include\DashAction.h">
      <Filter>Header Files</Filter>
    </ClInclude>
    <ClInclude Include="include\BonusAction.h">
      <Filter>Header Files</Filter>
    </ClInclude>
    <ClInclude Include="include\OffhandAttack.h">
      <Filter>Header Files</Filter>
    </ClInclude>
    <ClInclude Include="include\Logger.h">
      <Filter>Header Files</Filter>
    </ClInclude>
    <ClInclude Include="include\Loadout.h">
      <Filter>Header Files</Filter>
    </ClInclude>
    <ClInclude Include="include\Features.h">
      <Filter>Header Files</Filter>
    </ClInclude>
    <ClInclude Include="include\Ring.h">
      <Filter>Header Files</Filter>
    </ClInclude>
    <ClInclude Include="inline\FeatureDefs.inl">
      <Filter>Inline Files</Filter>
    </ClInclude>
    <ClInclude Include="include\FeatureAction.h">
      <Filter>Header Files</Filter>
    </ClInclude>
    <ClInclude Include="include\enums_common.h">
      <Filter>Header Files</Filter>
    </ClInclude>
    <ClInclude Include="include\AreaAttack.h">
      <Filter>Header Files</Filter>
    </ClInclude>
  </ItemGroup>
  <ItemGroup>
    <Text Include="resources\defFiles.txt">
      <Filter>Resource Files</Filter>
    </Text>
    <Text Include="resources\sample.txt">
      <Filter>Resource Files</Filter>
    </Text>
    <Text Include="resources\milo.txt">
      <Filter>Resource Files</Filter>
    </Text>
    <Text Include="resources\parg.txt">
      <Filter>Resource Files</Filter>
    </Text>
  </ItemGroup>
  <ItemGroup>
    <None Include="inline\SpellDefs.inl">
      <Filter>Inline Files</Filter>
    </None>
  </ItemGroup>
</Project>